
Microsoft Visual Studio Solution File, Format Version 12.00
# Visual Studio Version 17
VisualStudioVersion = 17.6.33815.320
MinimumVisualStudioVersion = 10.0.40219.1
Project("{FAE04EC0-301F-11D3-BF4B-00C04F79EFBC}") = "ControledePet", "ControledePet\ControledePet.csproj", "{1228512F-ED9B-4536-9527-D8BB579863A4}"
EndProject
Global
	GlobalSection(SolutionConfigurationPlatforms) = preSolution
		Debug|Any CPU = Debug|Any CPU
		Release|Any CPU = Release|Any CPU
	EndGlobalSection
	GlobalSection(ProjectConfigurationPlatforms) = postSolution
		{1228512F-ED9B-4536-9527-D8BB579863A4}.Debug|Any CPU.ActiveCfg = Debug|Any CPU
		{1228512F-ED9B-4536-9527-D8BB579863A4}.Debug|Any CPU.Build.0 = Debug|Any CPU
		{1228512F-ED9B-4536-9527-D8BB579863A4}.Release|Any CPU.ActiveCfg = Release|Any CPU
		{1228512F-ED9B-4536-9527-D8BB579863A4}.Release|Any CPU.Build.0 = Release|Any CPU
	EndGlobalSection
	GlobalSection(SolutionProperties) = preSolution
		HideSolutionNode = FALSE
	EndGlobalSection
	GlobalSection(ExtensibilityGlobals) = postSolution
		SolutionGuid = {A484DE28-E2A4-4F4C-A8E1-0C120FFE2E92}
	EndGlobalSection
EndGlobal
